
Microsoft Visual Studio Solution File, Format Version 12.00
# Visual Studio Version 17
VisualStudioVersion = 17.7.34031.279
MinimumVisualStudioVersion = 10.0.40219.1
Project("{FAE04EC0-301F-11D3-BF4B-00C04F79EFBC}") = "Zadatak1", "Zadatak1\Zadatak1.csproj", "{0B13FF86-5CC5-4781-BFC2-39E076EB70B1}"
EndProject
Global
	GlobalSection(SolutionConfigurationPlatforms) = preSolution
		Debug|Any CPU = Debug|Any CPU
		Release|Any CPU = Release|Any CPU
	EndGlobalSection
	GlobalSection(ProjectConfigurationPlatforms) = postSolution
		{0B13FF86-5CC5-4781-BFC2-39E076EB70B1}.Debug|Any CPU.ActiveCfg = Debug|Any CPU
		{0B13FF86-5CC5-4781-BFC2-39E076EB70B1}.Debug|Any CPU.Build.0 = Debug|Any CPU
		{0B13FF86-5CC5-4781-BFC2-39E076EB70B1}.Release|Any CPU.ActiveCfg = Release|Any CPU
		{0B13FF86-5CC5-4781-BFC2-39E076EB70B1}.Release|Any CPU.Build.0 = Release|Any CPU
	EndGlobalSection
	GlobalSection(SolutionProperties) = preSolution
		HideSolutionNode = FALSE
	EndGlobalSection
	GlobalSection(ExtensibilityGlobals) = postSolution
		SolutionGuid = {060C5EA0-BBB1-472A-A2EF-976B24649E92}
	EndGlobalSection
EndGlobal
